
Microsoft Visual Studio Solution File, Format Version 12.00
# Visual Studio Version 17
VisualStudioVersion = 17.5.33424.131
MinimumVisualStudioVersion = 10.0.40219.1
Project("{FAE04EC0-301F-11D3-BF4B-00C04F79EFBC}") = "OnCallDeveloperApi", "OnCallDeveloperApi\OnCallDeveloperApi.csproj", "{F6011629-F0C6-46D8-A47E-ADD7588E32E1}"
EndProject
Project("{FAE04EC0-301F-11D3-BF4B-00C04F79EFBC}") = "OnCallDeveloperApi.UnitTests", "OnCallDeveloperApi.UnitTests\OnCallDeveloperApi.UnitTests.csproj", "{DA28D07C-F589-480E-9FE4-A478A93E6BE4}"
EndProject
Project("{FAE04EC0-301F-11D3-BF4B-00C04F79EFBC}") = "OnCallDeveloperApi.IntegrationTests", "OnCalDeveloperApi.IntegrationTests\OnCallDeveloperApi.IntegrationTests.csproj", "{3645D5A1-5F89-44A1-8F46-1609223218AF}"
EndProject
Global
	GlobalSection(SolutionConfigurationPlatforms) = preSolution
		Debug|Any CPU = Debug|Any CPU
		Release|Any CPU = Release|Any CPU
	EndGlobalSection
	GlobalSection(ProjectConfigurationPlatforms) = postSolution
		{F6011629-F0C6-46D8-A47E-ADD7588E32E1}.Debug|Any CPU.ActiveCfg = Debug|Any CPU
		{F6011629-F0C6-46D8-A47E-ADD7588E32E1}.Debug|Any CPU.Build.0 = Debug|Any CPU
		{F6011629-F0C6-46D8-A47E-ADD7588E32E1}.Release|Any CPU.ActiveCfg = Release|Any CPU
		{F6011629-F0C6-46D8-A47E-ADD7588E32E1}.Release|Any CPU.Build.0 = Release|Any CPU
		{DA28D07C-F589-480E-9FE4-A478A93E6BE4}.Debug|Any CPU.ActiveCfg = Debug|Any CPU
		{DA28D07C-F589-480E-9FE4-A478A93E6BE4}.Debug|Any CPU.Build.0 = Debug|Any CPU
		{DA28D07C-F589-480E-9FE4-A478A93E6BE4}.Release|Any CPU.ActiveCfg = Release|Any CPU
		{DA28D07C-F589-480E-9FE4-A478A93E6BE4}.Release|Any CPU.Build.0 = Release|Any CPU
		{3645D5A1-5F89-44A1-8F46-1609223218AF}.Debug|Any CPU.ActiveCfg = Debug|Any CPU
		{3645D5A1-5F89-44A1-8F46-1609223218AF}.Debug|Any CPU.Build.0 = Debug|Any CPU
		{3645D5A1-5F89-44A1-8F46-1609223218AF}.Release|Any CPU.ActiveCfg = Release|Any CPU
		{3645D5A1-5F89-44A1-8F46-1609223218AF}.Release|Any CPU.Build.0 = Release|Any CPU
	EndGlobalSection
	GlobalSection(SolutionProperties) = preSolution
		HideSolutionNode = FALSE
	EndGlobalSection
	GlobalSection(ExtensibilityGlobals) = postSolution
		SolutionGuid = {1A98BD04-A534-4F22-98F2-D2EC738586BB}
	EndGlobalSection
EndGlobal
